
Microsoft Visual Studio Solution File, Format Version 12.00
Project("{FAE04EC0-301F-11D3-BF4B-00C04F79EFBC}") = "HelloWorld", "HelloWorld\HelloWorld.csproj", "{64B4FE07-87B4-4A45-9B99-7D54B2B428EB}"
EndProject
Global
	GlobalSection(SolutionConfigurationPlatforms) = preSolution
		Debug|Any CPU = Debug|Any CPU
		Release|Any CPU = Release|Any CPU
	EndGlobalSection
	GlobalSection(ProjectConfigurationPlatforms) = postSolution
		{64B4FE07-87B4-4A45-9B99-7D54B2B428EB}.Debug|Any CPU.ActiveCfg = Debug|Any CPU
		{64B4FE07-87B4-4A45-9B99-7D54B2B428EB}.Debug|Any CPU.Build.0 = Debug|Any CPU
		{64B4FE07-87B4-4A45-9B99-7D54B2B428EB}.Release|Any CPU.ActiveCfg = Release|Any CPU
		{64B4FE07-87B4-4A45-9B99-7D54B2B428EB}.Release|Any CPU.Build.0 = Release|Any CPU
	EndGlobalSection
EndGlobal
